// !$*UTF8*$!
{
	archiveVersion = 1;
	classes = {
	};
	objectVersion = 56;
	objects = {

/* Begin PBXBuildFile section */
		E40A56802B29E565007818BC /* TinderCloneApp.swift in Sources */ = {isa = PBXBuildFile; fileRef = E40A567F2B29E565007818BC /* TinderCloneApp.swift */; };
		E40A56822B29E565007818BC /* ContentView.swift in Sources */ = {isa = PBXBuildFile; fileRef = E40A56812B29E565007818BC /* ContentView.swift */; };
		E40A56842B29E565007818BC /* Assets.xcassets in Resources */ = {isa = PBXBuildFile; fileRef = E40A56832B29E565007818BC /* Assets.xcassets */; };
		E40A56872B29E565007818BC /* Preview Assets.xcassets in Resources */ = {isa = PBXBuildFile; fileRef = E40A56862B29E565007818BC /* Preview Assets.xcassets */; };
		E40A56932B29F568007818BC /* User.swift in Sources */ = {isa = PBXBuildFile; fileRef = E40A56922B29F568007818BC /* User.swift */; };
		E40A56952B29F7C0007818BC /* Card.swift in Sources */ = {isa = PBXBuildFile; fileRef = E40A56942B29F7C0007818BC /* Card.swift */; };
		E40A56972B29FA28007818BC /* SwipeView.swift in Sources */ = {isa = PBXBuildFile; fileRef = E40A56962B29FA28007818BC /* SwipeView.swift */; };
		E40FD33D2B3FFC630082D737 /* TinderGender.swift in Sources */ = {isa = PBXBuildFile; fileRef = E40FD33C2B3FFC630082D737 /* TinderGender.swift */; };
		E40FD33F2B3FFD320082D737 /* TinderInterests.swift in Sources */ = {isa = PBXBuildFile; fileRef = E40FD33E2B3FFD320082D737 /* TinderInterests.swift */; };
		E420F5DE2B3F243700E76FA9 /* UserService.swift in Sources */ = {isa = PBXBuildFile; fileRef = E420F5DD2B3F243700E76FA9 /* UserService.swift */; };
		E43435B12B406F0000437D93 /* MatchView.swift in Sources */ = {isa = PBXBuildFile; fileRef = E43435B02B406F0000437D93 /* MatchView.swift */; };
		E43435B32B406F1600437D93 /* ProfileView.swift in Sources */ = {isa = PBXBuildFile; fileRef = E43435B22B406F1600437D93 /* ProfileView.swift */; };
		E43435B52B406F6E00437D93 /* MainTabView.swift in Sources */ = {isa = PBXBuildFile; fileRef = E43435B42B406F6E00437D93 /* MainTabView.swift */; };
		E442161E2B3F48CD004EF7E1 /* RegisterImageView.swift in Sources */ = {isa = PBXBuildFile; fileRef = E442161D2B3F48CD004EF7E1 /* RegisterImageView.swift */; };
		E44216202B3F6A2E004EF7E1 /* ImageUploader.swift in Sources */ = {isa = PBXBuildFile; fileRef = E442161F2B3F6A2E004EF7E1 /* ImageUploader.swift */; };
		E44216222B3F719D004EF7E1 /* RegisterAgeView.swift in Sources */ = {isa = PBXBuildFile; fileRef = E44216212B3F719D004EF7E1 /* RegisterAgeView.swift */; };
		E457EE982B40969D0092E804 /* Kingfisher in Frameworks */ = {isa = PBXBuildFile; productRef = E457EE972B40969D0092E804 /* Kingfisher */; };
		E457EE9A2B409E870092E804 /* EditProfileView.swift in Sources */ = {isa = PBXBuildFile; fileRef = E457EE992B409E870092E804 /* EditProfileView.swift */; };
		E457EE9C2B40A03F0092E804 /* EditProfileViewModel.swift in Sources */ = {isa = PBXBuildFile; fileRef = E457EE9B2B40A03F0092E804 /* EditProfileViewModel.swift */; };
		E457EE9E2B40A5980092E804 /* RoundImageView.swift in Sources */ = {isa = PBXBuildFile; fileRef = E457EE9D2B40A5980092E804 /* RoundImageView.swift */; };
		E45EFAA32B2CCA2F0077BA1F /* GoogleService-Info.plist in Resources */ = {isa = PBXBuildFile; fileRef = E45EFAA22B2CCA2F0077BA1F /* GoogleService-Info.plist */; };
		E45EFAE02B2CD18B0077BA1F /* LoginView.swift in Sources */ = {isa = PBXBuildFile; fileRef = E45EFADF2B2CD18B0077BA1F /* LoginView.swift */; };
		E45EFAE22B2CD19A0077BA1F /* RegisterView.swift in Sources */ = {isa = PBXBuildFile; fileRef = E45EFAE12B2CD19A0077BA1F /* RegisterView.swift */; };
		E45EFAE42B2CD1B40077BA1F /* AuthViewModel.swift in Sources */ = {isa = PBXBuildFile; fileRef = E45EFAE32B2CD1B40077BA1F /* AuthViewModel.swift */; };
		E45EFAE62B2CD1C80077BA1F /* AuthService.swift in Sources */ = {isa = PBXBuildFile; fileRef = E45EFAE52B2CD1C80077BA1F /* AuthService.swift */; };
		E45EFAE82B2CD36C0077BA1F /* BrandingImage.swift in Sources */ = {isa = PBXBuildFile; fileRef = E45EFAE72B2CD36C0077BA1F /* BrandingImage.swift */; };
		E45EFAEA2B2CD3EE0077BA1F /* TinderInputField.swift in Sources */ = {isa = PBXBuildFile; fileRef = E45EFAE92B2CD3EE0077BA1F /* TinderInputField.swift */; };
		E471E9442B4496BE001C70CF /* Chat.swift in Sources */ = {isa = PBXBuildFile; fileRef = E471E9432B4496BE001C70CF /* Chat.swift */; };
		E471E9462B44AA1D001C70CF /* MatchService.swift in Sources */ = {isa = PBXBuildFile; fileRef = E471E9452B44AA1D001C70CF /* MatchService.swift */; };
		E471E9482B44AC98001C70CF /* MatchViewModel.swift in Sources */ = {isa = PBXBuildFile; fileRef = E471E9472B44AC98001C70CF /* MatchViewModel.swift */; };
		E471E94A2B44B30C001C70CF /* Message.swift in Sources */ = {isa = PBXBuildFile; fileRef = E471E9492B44B30C001C70CF /* Message.swift */; };
		E471E94C2B44B39D001C70CF /* ChatService.swift in Sources */ = {isa = PBXBuildFile; fileRef = E471E94B2B44B39D001C70CF /* ChatService.swift */; };
		E471E94E2B44B5F4001C70CF /* ChatViewModel.swift in Sources */ = {isa = PBXBuildFile; fileRef = E471E94D2B44B5F4001C70CF /* ChatViewModel.swift */; };
		E489571F2B2DB9BC0007EACF /* Collections.swift in Sources */ = {isa = PBXBuildFile; fileRef = E489571E2B2DB9BC0007EACF /* Collections.swift */; };
		E4A4ED8F2B453E7C0036B7D3 /* ChatView.swift in Sources */ = {isa = PBXBuildFile; fileRef = E4A4ED8E2B453E7C0036B7D3 /* ChatView.swift */; };
		E4AF65242B2DC3BF007AD12C /* LoadingOverlayView.swift in Sources */ = {isa = PBXBuildFile; fileRef = E4AF65232B2DC3BF007AD12C /* LoadingOverlayView.swift */; };
		E4AF65262B2DC69C007AD12C /* TinderError.swift in Sources */ = {isa = PBXBuildFile; fileRef = E4AF65252B2DC69C007AD12C /* TinderError.swift */; };
		E4B442E82B43D7D8001FC7B1 /* SwipeViewModel.swift in Sources */ = {isa = PBXBuildFile; fileRef = E4B442E72B43D7D8001FC7B1 /* SwipeViewModel.swift */; };
		E4E0D3292B4000E900FC3452 /* RegisterGenderView.swift in Sources */ = {isa = PBXBuildFile; fileRef = E4E0D3282B4000E900FC3452 /* RegisterGenderView.swift */; };
		E4E0D32B2B400D1E00FC3452 /* RegisterBioView.swift in Sources */ = {isa = PBXBuildFile; fileRef = E4E0D32A2B400D1E00FC3452 /* RegisterBioView.swift */; };
		E4E0D32D2B4011E500FC3452 /* RegisterInterestsView.swift in Sources */ = {isa = PBXBuildFile; fileRef = E4E0D32C2B4011E500FC3452 /* RegisterInterestsView.swift */; };
		E4E0D32F2B4015B300FC3452 /* RegisterCompletionView.swift in Sources */ = {isa = PBXBuildFile; fileRef = E4E0D32E2B4015B300FC3452 /* RegisterCompletionView.swift */; };
		E4EFF8102B2E36D9005F215B /* FirebaseAuth in Frameworks */ = {isa = PBXBuildFile; productRef = E4EFF80F2B2E36D9005F215B /* FirebaseAuth */; };
		E4EFF8122B2E36D9005F215B /* FirebaseFirestore in Frameworks */ = {isa = PBXBuildFile; productRef = E4EFF8112B2E36D9005F215B /* FirebaseFirestore */; };
		E4EFF8142B2E36D9005F215B /* FirebaseFirestoreSwift in Frameworks */ = {isa = PBXBuildFile; productRef = E4EFF8132B2E36D9005F215B /* FirebaseFirestoreSwift */; };
		E4EFF8162B2E36D9005F215B /* FirebaseStorage in Frameworks */ = {isa = PBXBuildFile; productRef = E4EFF8152B2E36D9005F215B /* FirebaseStorage */; };
/* End PBXBuildFile section */

/* Begin PBXFileReference section */
		E40A567C2B29E565007818BC /* TinderClone.app */ = {isa = PBXFileReference; explicitFileType = wrapper.application; includeInIndex = 0; path = TinderClone.app; sourceTree = BUILT_PRODUCTS_DIR; };
		E40A567F2B29E565007818BC /* TinderCloneApp.swift */ = {isa = PBXFileReference; lastKnownFileType = sourcecode.swift; path = TinderCloneApp.swift; sourceTree = "<group>"; };
		E40A56812B29E565007818BC /* ContentView.swift */ = {isa = PBXFileReference; lastKnownFileType = sourcecode.swift; path = ContentView.swift; sourceTree = "<group>"; };
		E40A56832B29E565007818BC /* Assets.xcassets */ = {isa = PBXFileReference; lastKnownFileType = folder.assetcatalog; path = Assets.xcassets; sourceTree = "<group>"; };
		E40A56862B29E565007818BC /* Preview Assets.xcassets */ = {isa = PBXFileReference; lastKnownFileType = folder.assetcatalog; path = "Preview Assets.xcassets"; sourceTree = "<group>"; };
		E40A56922B29F568007818BC /* User.swift */ = {isa = PBXFileReference; lastKnownFileType = sourcecode.swift; path = User.swift; sourceTree = "<group>"; };
		E40A56942B29F7C0007818BC /* Card.swift */ = {isa = PBXFileReference; lastKnownFileType = sourcecode.swift; path = Card.swift; sourceTree = "<group>"; };
		E40A56962B29FA28007818BC /* SwipeView.swift */ = {isa = PBXFileReference; lastKnownFileType = sourcecode.swift; path = SwipeView.swift; sourceTree = "<group>"; };
		E40FD33C2B3FFC630082D737 /* TinderGender.swift */ = {isa = PBXFileReference; lastKnownFileType = sourcecode.swift; path = TinderGender.swift; sourceTree = "<group>"; };
		E40FD33E2B3FFD320082D737 /* TinderInterests.swift */ = {isa = PBXFileReference; lastKnownFileType = sourcecode.swift; path = TinderInterests.swift; sourceTree = "<group>"; };
		E420F5DD2B3F243700E76FA9 /* UserService.swift */ = {isa = PBXFileReference; lastKnownFileType = sourcecode.swift; path = UserService.swift; sourceTree = "<group>"; };
		E43435B02B406F0000437D93 /* MatchView.swift */ = {isa = PBXFileReference; lastKnownFileType = sourcecode.swift; path = MatchView.swift; sourceTree = "<group>"; };
		E43435B22B406F1600437D93 /* ProfileView.swift */ = {isa = PBXFileReference; lastKnownFileType = sourcecode.swift; path = ProfileView.swift; sourceTree = "<group>"; };
		E43435B42B406F6E00437D93 /* MainTabView.swift */ = {isa = PBXFileReference; lastKnownFileType = sourcecode.swift; path = MainTabView.swift; sourceTree = "<group>"; };
		E442161D2B3F48CD004EF7E1 /* RegisterImageView.swift */ = {isa = PBXFileReference; lastKnownFileType = sourcecode.swift; path = RegisterImageView.swift; sourceTree = "<group>"; };
		E442161F2B3F6A2E004EF7E1 /* ImageUploader.swift */ = {isa = PBXFileReference; lastKnownFileType = sourcecode.swift; path = ImageUploader.swift; sourceTree = "<group>"; };
		E44216212B3F719D004EF7E1 /* RegisterAgeView.swift */ = {isa = PBXFileReference; lastKnownFileType = sourcecode.swift; path = RegisterAgeView.swift; sourceTree = "<group>"; };
		E457EE992B409E870092E804 /* EditProfileView.swift */ = {isa = PBXFileReference; lastKnownFileType = sourcecode.swift; path = EditProfileView.swift; sourceTree = "<group>"; };
		E457EE9B2B40A03F0092E804 /* EditProfileViewModel.swift */ = {isa = PBXFileReference; lastKnownFileType = sourcecode.swift; path = EditProfileViewModel.swift; sourceTree = "<group>"; };
		E457EE9D2B40A5980092E804 /* RoundImageView.swift */ = {isa = PBXFileReference; lastKnownFileType = sourcecode.swift; path = RoundImageView.swift; sourceTree = "<group>"; };
		E45EFAA22B2CCA2F0077BA1F /* GoogleService-Info.plist */ = {isa = PBXFileReference; fileEncoding = 4; lastKnownFileType = text.plist.xml; path = "GoogleService-Info.plist"; sourceTree = "<group>"; };
		E45EFADF2B2CD18B0077BA1F /* LoginView.swift */ = {isa = PBXFileReference; lastKnownFileType = sourcecode.swift; path = LoginView.swift; sourceTree = "<group>"; };
		E45EFAE12B2CD19A0077BA1F /* RegisterView.swift */ = {isa = PBXFileReference; lastKnownFileType = sourcecode.swift; path = RegisterView.swift; sourceTree = "<group>"; };
		E45EFAE32B2CD1B40077BA1F /* AuthViewModel.swift */ = {isa = PBXFileReference; lastKnownFileType = sourcecode.swift; path = AuthViewModel.swift; sourceTree = "<group>"; };
		E45EFAE52B2CD1C80077BA1F /* AuthService.swift */ = {isa = PBXFileReference; lastKnownFileType = sourcecode.swift; path = AuthService.swift; sourceTree = "<group>"; };
		E45EFAE72B2CD36C0077BA1F /* BrandingImage.swift */ = {isa = PBXFileReference; lastKnownFileType = sourcecode.swift; path = BrandingImage.swift; sourceTree = "<group>"; };
		E45EFAE92B2CD3EE0077BA1F /* TinderInputField.swift */ = {isa = PBXFileReference; lastKnownFileType = sourcecode.swift; path = TinderInputField.swift; sourceTree = "<group>"; };
		E471E9432B4496BE001C70CF /* Chat.swift */ = {isa = PBXFileReference; lastKnownFileType = sourcecode.swift; path = Chat.swift; sourceTree = "<group>"; };
		E471E9452B44AA1D001C70CF /* MatchService.swift */ = {isa = PBXFileReference; lastKnownFileType = sourcecode.swift; path = MatchService.swift; sourceTree = "<group>"; };
		E471E9472B44AC98001C70CF /* MatchViewModel.swift */ = {isa = PBXFileReference; lastKnownFileType = sourcecode.swift; path = MatchViewModel.swift; sourceTree = "<group>"; };
		E471E9492B44B30C001C70CF /* Message.swift */ = {isa = PBXFileReference; lastKnownFileType = sourcecode.swift; path = Message.swift; sourceTree = "<group>"; };
		E471E94B2B44B39D001C70CF /* ChatService.swift */ = {isa = PBXFileReference; lastKnownFileType = sourcecode.swift; path = ChatService.swift; sourceTree = "<group>"; };
		E471E94D2B44B5F4001C70CF /* ChatViewModel.swift */ = {isa = PBXFileReference; lastKnownFileType = sourcecode.swift; path = ChatViewModel.swift; sourceTree = "<group>"; };
		E489571E2B2DB9BC0007EACF /* Collections.swift */ = {isa = PBXFileReference; lastKnownFileType = sourcecode.swift; path = Collections.swift; sourceTree = "<group>"; };
		E4A4ED8E2B453E7C0036B7D3 /* ChatView.swift */ = {isa = PBXFileReference; lastKnownFileType = sourcecode.swift; path = ChatView.swift; sourceTree = "<group>"; };
		E4AF65232B2DC3BF007AD12C /* LoadingOverlayView.swift */ = {isa = PBXFileReference; lastKnownFileType = sourcecode.swift; path = LoadingOverlayView.swift; sourceTree = "<group>"; };
		E4AF65252B2DC69C007AD12C /* TinderError.swift */ = {isa = PBXFileReference; lastKnownFileType = sourcecode.swift; path = TinderError.swift; sourceTree = "<group>"; };
		E4B442E72B43D7D8001FC7B1 /* SwipeViewModel.swift */ = {isa = PBXFileReference; lastKnownFileType = sourcecode.swift; path = SwipeViewModel.swift; sourceTree = "<group>"; };
		E4E0D3282B4000E900FC3452 /* RegisterGenderView.swift */ = {isa = PBXFileReference; lastKnownFileType = sourcecode.swift; path = RegisterGenderView.swift; sourceTree = "<group>"; };
		E4E0D32A2B400D1E00FC3452 /* RegisterBioView.swift */ = {isa = PBXFileReference; lastKnownFileType = sourcecode.swift; path = RegisterBioView.swift; sourceTree = "<group>"; };
		E4E0D32C2B4011E500FC3452 /* RegisterInterestsView.swift */ = {isa = PBXFileReference; lastKnownFileType = sourcecode.swift; path = RegisterInterestsView.swift; sourceTree = "<group>"; };
		E4E0D32E2B4015B300FC3452 /* RegisterCompletionView.swift */ = {isa = PBXFileReference; lastKnownFileType = sourcecode.swift; path = RegisterCompletionView.swift; sourceTree = "<group>"; };
		E4EBB4682B2E3B5C0022D34E /* Info.plist */ = {isa = PBXFileReference; lastKnownFileType = text.plist; path = Info.plist; sourceTree = "<group>"; };
/* End PBXFileReference section */

/* Begin PBXFrameworksBuildPhase section */
		E40A56792B29E565007818BC /* Frameworks */ = {
			isa = PBXFrameworksBuildPhase;
			buildActionMask = 2147483647;
			files = (
				E4EFF8102B2E36D9005F215B /* FirebaseAuth in Frameworks */,
				E4EFF8162B2E36D9005F215B /* FirebaseStorage in Frameworks */,
				E4EFF8122B2E36D9005F215B /* FirebaseFirestore in Frameworks */,
				E4EFF8142B2E36D9005F215B /* FirebaseFirestoreSwift in Frameworks */,
				E457EE982B40969D0092E804 /* Kingfisher in Frameworks */,
			);
			runOnlyForDeploymentPostprocessing = 0;
		};
/* End PBXFrameworksBuildPhase section */

/* Begin PBXGroup section */
		E40A56732B29E564007818BC = {
			isa = PBXGroup;
			children = (
				E40A567E2B29E565007818BC /* TinderClone */,
				E40A567D2B29E565007818BC /* Products */,
				E45EFADB2B2CCBE20077BA1F /* Frameworks */,
			);
			sourceTree = "<group>";
		};
		E40A567D2B29E565007818BC /* Products */ = {
			isa = PBXGroup;
			children = (
				E40A567C2B29E565007818BC /* TinderClone.app */,
			);
			name = Products;
			sourceTree = "<group>";
		};
		E40A567E2B29E565007818BC /* TinderClone */ = {
			isa = PBXGroup;
			children = (
				E4EBB4682B2E3B5C0022D34E /* Info.plist */,
				E40A56912B29E60A007818BC /* Util */,
				E40A56902B29E603007818BC /* Service */,
				E40A568F2B29E5F7007818BC /* ViewModel */,
				E40A568E2B29E5F0007818BC /* View */,
				E40A568D2B29E5D6007818BC /* Model */,
				E40A567F2B29E565007818BC /* TinderCloneApp.swift */,
				E40A56812B29E565007818BC /* ContentView.swift */,
				E40A56832B29E565007818BC /* Assets.xcassets */,
				E40A56852B29E565007818BC /* Preview Content */,
			);
			path = TinderClone;
			sourceTree = "<group>";
		};
		E40A56852B29E565007818BC /* Preview Content */ = {
			isa = PBXGroup;
			children = (
				E45EFAA22B2CCA2F0077BA1F /* GoogleService-Info.plist */,
				E40A56862B29E565007818BC /* Preview Assets.xcassets */,
			);
			path = "Preview Content";
			sourceTree = "<group>";
		};
		E40A568D2B29E5D6007818BC /* Model */ = {
			isa = PBXGroup;
			children = (
				E40A56922B29F568007818BC /* User.swift */,
				E40A56942B29F7C0007818BC /* Card.swift */,
				E489571E2B2DB9BC0007EACF /* Collections.swift */,
				E4AF65252B2DC69C007AD12C /* TinderError.swift */,
				E40FD33C2B3FFC630082D737 /* TinderGender.swift */,
				E40FD33E2B3FFD320082D737 /* TinderInterests.swift */,
				E471E9432B4496BE001C70CF /* Chat.swift */,
				E471E9492B44B30C001C70CF /* Message.swift */,
			);
			path = Model;
			sourceTree = "<group>";
		};
		E40A568E2B29E5F0007818BC /* View */ = {
			isa = PBXGroup;
			children = (
				E45EFADE2B2CD15D0077BA1F /* Auth */,
				E40A56962B29FA28007818BC /* SwipeView.swift */,
				E43435B02B406F0000437D93 /* MatchView.swift */,
				E43435B22B406F1600437D93 /* ProfileView.swift */,
				E43435B42B406F6E00437D93 /* MainTabView.swift */,
				E457EE992B409E870092E804 /* EditProfileView.swift */,
				E4A4ED8E2B453E7C0036B7D3 /* ChatView.swift */,
			);
			path = View;
			sourceTree = "<group>";
		};
		E40A568F2B29E5F7007818BC /* ViewModel */ = {
			isa = PBXGroup;
			children = (
				E45EFAE32B2CD1B40077BA1F /* AuthViewModel.swift */,
				E457EE9B2B40A03F0092E804 /* EditProfileViewModel.swift */,
				E4B442E72B43D7D8001FC7B1 /* SwipeViewModel.swift */,
				E471E9472B44AC98001C70CF /* MatchViewModel.swift */,
				E471E94D2B44B5F4001C70CF /* ChatViewModel.swift */,
			);
			path = ViewModel;
			sourceTree = "<group>";
		};
		E40A56902B29E603007818BC /* Service */ = {
			isa = PBXGroup;
			children = (
				E45EFAE52B2CD1C80077BA1F /* AuthService.swift */,
				E420F5DD2B3F243700E76FA9 /* UserService.swift */,
				E471E9452B44AA1D001C70CF /* MatchService.swift */,
				E471E94B2B44B39D001C70CF /* ChatService.swift */,
			);
			path = Service;
			sourceTree = "<group>";
		};
		E40A56912B29E60A007818BC /* Util */ = {
			isa = PBXGroup;
			children = (
				E45EFAE72B2CD36C0077BA1F /* BrandingImage.swift */,
				E45EFAE92B2CD3EE0077BA1F /* TinderInputField.swift */,
				E4AF65232B2DC3BF007AD12C /* LoadingOverlayView.swift */,
				E442161F2B3F6A2E004EF7E1 /* ImageUploader.swift */,
				E457EE9D2B40A5980092E804 /* RoundImageView.swift */,
			);
			path = Util;
			sourceTree = "<group>";
		};
		E45EFADB2B2CCBE20077BA1F /* Frameworks */ = {
			isa = PBXGroup;
			children = (
			);
			name = Frameworks;
			sourceTree = "<group>";
		};
		E45EFADE2B2CD15D0077BA1F /* Auth */ = {
			isa = PBXGroup;
			children = (
				E45EFADF2B2CD18B0077BA1F /* LoginView.swift */,
				E45EFAE12B2CD19A0077BA1F /* RegisterView.swift */,
				E442161D2B3F48CD004EF7E1 /* RegisterImageView.swift */,
				E44216212B3F719D004EF7E1 /* RegisterAgeView.swift */,
				E4E0D3282B4000E900FC3452 /* RegisterGenderView.swift */,
				E4E0D32A2B400D1E00FC3452 /* RegisterBioView.swift */,
				E4E0D32C2B4011E500FC3452 /* RegisterInterestsView.swift */,
				E4E0D32E2B4015B300FC3452 /* RegisterCompletionView.swift */,
			);
			path = Auth;
			sourceTree = "<group>";
		};
/* End PBXGroup section */

/* Begin PBXNativeTarget section */
		E40A567B2B29E565007818BC /* TinderClone */ = {
			isa = PBXNativeTarget;
			buildConfigurationList = E40A568A2B29E565007818BC /* Build configuration list for PBXNativeTarget "TinderClone" */;
			buildPhases = (
				E40A56782B29E565007818BC /* Sources */,
				E40A56792B29E565007818BC /* Frameworks */,
				E40A567A2B29E565007818BC /* Resources */,
			);
			buildRules = (
			);
			dependencies = (
			);
			name = TinderClone;
			packageProductDependencies = (
				E4EFF80F2B2E36D9005F215B /* FirebaseAuth */,
				E4EFF8112B2E36D9005F215B /* FirebaseFirestore */,
				E4EFF8132B2E36D9005F215B /* FirebaseFirestoreSwift */,
				E4EFF8152B2E36D9005F215B /* FirebaseStorage */,
				E457EE972B40969D0092E804 /* Kingfisher */,
			);
			productName = TinderClone;
			productReference = E40A567C2B29E565007818BC /* TinderClone.app */;
			productType = "com.apple.product-type.application";
		};
/* End PBXNativeTarget section */

/* Begin PBXProject section */
		E40A56742B29E564007818BC /* Project object */ = {
			isa = PBXProject;
			attributes = {
				BuildIndependentTargetsInParallel = 1;
				LastSwiftUpdateCheck = 1500;
				LastUpgradeCheck = 1500;
				TargetAttributes = {
					E40A567B2B29E565007818BC = {
						CreatedOnToolsVersion = 15.0.1;
					};
				};
			};
			buildConfigurationList = E40A56772B29E564007818BC /* Build configuration list for PBXProject "TinderClone" */;
			compatibilityVersion = "Xcode 14.0";
			developmentRegion = en;
			hasScannedForEncodings = 0;
			knownRegions = (
				en,
				Base,
			);
			mainGroup = E40A56732B29E564007818BC;
			packageReferences = (
				E4EFF80E2B2E36D9005F215B /* XCRemoteSwiftPackageReference "firebase-ios-sdk" */,
				E457EE962B40969D0092E804 /* XCRemoteSwiftPackageReference "Kingfisher" */,
			);
			productRefGroup = E40A567D2B29E565007818BC /* Products */;
			projectDirPath = "";
			projectRoot = "";
			targets = (
				E40A567B2B29E565007818BC /* TinderClone */,
			);
		};
/* End PBXProject section */

/* Begin PBXResourcesBuildPhase section */
		E40A567A2B29E565007818BC /* Resources */ = {
			isa = PBXResourcesBuildPhase;
			buildActionMask = 2147483647;
			files = (
				E40A56872B29E565007818BC /* Preview Assets.xcassets in Resources */,
				E40A56842B29E565007818BC /* Assets.xcassets in Resources */,
				E45EFAA32B2CCA2F0077BA1F /* GoogleService-Info.plist in Resources */,
			);
			runOnlyForDeploymentPostprocessing = 0;
		};
/* End PBXResourcesBuildPhase section */

/* Begin PBXSourcesBuildPhase section */
		E40A56782B29E565007818BC /* Sources */ = {
			isa = PBXSourcesBuildPhase;
			buildActionMask = 2147483647;
			files = (
				E4A4ED8F2B453E7C0036B7D3 /* ChatView.swift in Sources */,
				E45EFAE82B2CD36C0077BA1F /* BrandingImage.swift in Sources */,
				E4E0D32F2B4015B300FC3452 /* RegisterCompletionView.swift in Sources */,
				E43435B52B406F6E00437D93 /* MainTabView.swift in Sources */,
				E4AF65242B2DC3BF007AD12C /* LoadingOverlayView.swift in Sources */,
				E44216202B3F6A2E004EF7E1 /* ImageUploader.swift in Sources */,
				E471E94C2B44B39D001C70CF /* ChatService.swift in Sources */,
				E471E9442B4496BE001C70CF /* Chat.swift in Sources */,
				E457EE9E2B40A5980092E804 /* RoundImageView.swift in Sources */,
				E457EE9C2B40A03F0092E804 /* EditProfileViewModel.swift in Sources */,
				E4E0D32D2B4011E500FC3452 /* RegisterInterestsView.swift in Sources */,
				E4AF65262B2DC69C007AD12C /* TinderError.swift in Sources */,
				E43435B12B406F0000437D93 /* MatchView.swift in Sources */,
				E45EFAE02B2CD18B0077BA1F /* LoginView.swift in Sources */,
				E44216222B3F719D004EF7E1 /* RegisterAgeView.swift in Sources */,
				E40A56822B29E565007818BC /* ContentView.swift in Sources */,
				E442161E2B3F48CD004EF7E1 /* RegisterImageView.swift in Sources */,
				E4E0D32B2B400D1E00FC3452 /* RegisterBioView.swift in Sources */,
				E471E94E2B44B5F4001C70CF /* ChatViewModel.swift in Sources */,
				E4B442E82B43D7D8001FC7B1 /* SwipeViewModel.swift in Sources */,
				E489571F2B2DB9BC0007EACF /* Collections.swift in Sources */,
				E457EE9A2B409E870092E804 /* EditProfileView.swift in Sources */,
				E40A56802B29E565007818BC /* TinderCloneApp.swift in Sources */,
				E43435B32B406F1600437D93 /* ProfileView.swift in Sources */,
				E45EFAEA2B2CD3EE0077BA1F /* TinderInputField.swift in Sources */,
				E45EFAE62B2CD1C80077BA1F /* AuthService.swift in Sources */,
				E45EFAE22B2CD19A0077BA1F /* RegisterView.swift in Sources */,
				E471E9462B44AA1D001C70CF /* MatchService.swift in Sources */,
				E4E0D3292B4000E900FC3452 /* RegisterGenderView.swift in Sources */,
				E471E9482B44AC98001C70CF /* MatchViewModel.swift in Sources */,
				E471E94A2B44B30C001C70CF /* Message.swift in Sources */,
				E45EFAE42B2CD1B40077BA1F /* AuthViewModel.swift in Sources */,
				E420F5DE2B3F243700E76FA9 /* UserService.swift in Sources */,
				E40FD33F2B3FFD320082D737 /* TinderInterests.swift in Sources */,
				E40A56932B29F568007818BC /* User.swift in Sources */,
				E40A56972B29FA28007818BC /* SwipeView.swift in Sources */,
				E40A56952B29F7C0007818BC /* Card.swift in Sources */,
				E40FD33D2B3FFC630082D737 /* TinderGender.swift in Sources */,
			);
			runOnlyForDeploymentPostprocessing = 0;
		};
/* End PBXSourcesBuildPhase section */

/* Begin XCBuildConfiguration section */
		E40A56882B29E565007818BC /* Debug */ = {
			isa = XCBuildConfiguration;
			buildSettings = {
				ALWAYS_SEARCH_USER_PATHS = NO;
				ASSETCATALOG_COMPILER_GENERATE_SWIFT_ASSET_SYMBOL_EXTENSIONS = YES;
				CLANG_ANALYZER_NONNULL = YES;
				CLANG_ANALYZER_NUMBER_OBJECT_CONVERSION = YES_AGGRESSIVE;
				CLANG_CXX_LANGUAGE_STANDARD = "gnu++20";
				CLANG_ENABLE_MODULES = YES;
				CLANG_ENABLE_OBJC_ARC = YES;
				CLANG_ENABLE_OBJC_WEAK = YES;
				CLANG_WARN_BLOCK_CAPTURE_AUTORELEASING = YES;
				CLANG_WARN_BOOL_CONVERSION = YES;
				CLANG_WARN_COMMA = YES;
				CLANG_WARN_CONSTANT_CONVERSION = YES;
				CLANG_WARN_DEPRECATED_OBJC_IMPLEMENTATIONS = YES;
				CLANG_WARN_DIRECT_OBJC_ISA_USAGE = YES_ERROR;
				CLANG_WARN_DOCUMENTATION_COMMENTS = YES;
				CLANG_WARN_EMPTY_BODY = YES;
				CLANG_WARN_ENUM_CONVERSION = YES;
				CLANG_WARN_INFINITE_RECURSION = YES;
				CLANG_WARN_INT_CONVERSION = YES;
				CLANG_WARN_NON_LITERAL_NULL_CONVERSION = YES;
				CLANG_WARN_OBJC_IMPLICIT_RETAIN_SELF = YES;
				CLANG_WARN_OBJC_LITERAL_CONVERSION = YES;
				CLANG_WARN_OBJC_ROOT_CLASS = YES_ERROR;
				CLANG_WARN_QUOTED_INCLUDE_IN_FRAMEWORK_HEADER = YES;
				CLANG_WARN_RANGE_LOOP_ANALYSIS = YES;
				CLANG_WARN_STRICT_PROTOTYPES = YES;
				CLANG_WARN_SUSPICIOUS_MOVE = YES;
				CLANG_WARN_UNGUARDED_AVAILABILITY = YES_AGGRESSIVE;
				CLANG_WARN_UNREACHABLE_CODE = YES;
				CLANG_WARN__DUPLICATE_METHOD_MATCH = YES;
				COPY_PHASE_STRIP = NO;
				DEBUG_INFORMATION_FORMAT = dwarf;
				ENABLE_STRICT_OBJC_MSGSEND = YES;
				ENABLE_TESTABILITY = YES;
				ENABLE_USER_SCRIPT_SANDBOXING = YES;
				GCC_C_LANGUAGE_STANDARD = gnu17;
				GCC_DYNAMIC_NO_PIC = NO;
				GCC_NO_COMMON_BLOCKS = YES;
				GCC_OPTIMIZATION_LEVEL = 0;
				GCC_PREPROCESSOR_DEFINITIONS = (
					"DEBUG=1",
					"$(inherited)",
				);
				GCC_WARN_64_TO_32_BIT_CONVERSION = YES;
				GCC_WARN_ABOUT_RETURN_TYPE = YES_ERROR;
				GCC_WARN_UNDECLARED_SELECTOR = YES;
				GCC_WARN_UNINITIALIZED_AUTOS = YES_AGGRESSIVE;
				GCC_WARN_UNUSED_FUNCTION = YES;
				GCC_WARN_UNUSED_VARIABLE = YES;
				IPHONEOS_DEPLOYMENT_TARGET = 17.0;
				LOCALIZATION_PREFERS_STRING_CATALOGS = YES;
				MTL_ENABLE_DEBUG_INFO = INCLUDE_SOURCE;
				MTL_FAST_MATH = YES;
				ONLY_ACTIVE_ARCH = YES;
				SDKROOT = iphoneos;
				SWIFT_ACTIVE_COMPILATION_CONDITIONS = "DEBUG $(inherited)";
				SWIFT_OPTIMIZATION_LEVEL = "-Onone";
			};
			name = Debug;
		};
		E40A56892B29E565007818BC /* Release */ = {
			isa = XCBuildConfiguration;
			buildSettings = {
				ALWAYS_SEARCH_USER_PATHS = NO;
				ASSETCATALOG_COMPILER_GENERATE_SWIFT_ASSET_SYMBOL_EXTENSIONS = YES;
				CLANG_ANALYZER_NONNULL = YES;
				CLANG_ANALYZER_NUMBER_OBJECT_CONVERSION = YES_AGGRESSIVE;
				CLANG_CXX_LANGUAGE_STANDARD = "gnu++20";
				CLANG_ENABLE_MODULES = YES;
				CLANG_ENABLE_OBJC_ARC = YES;
				CLANG_ENABLE_OBJC_WEAK = YES;
				CLANG_WARN_BLOCK_CAPTURE_AUTORELEASING = YES;
				CLANG_WARN_BOOL_CONVERSION = YES;
				CLANG_WARN_COMMA = YES;
				CLANG_WARN_CONSTANT_CONVERSION = YES;
				CLANG_WARN_DEPRECATED_OBJC_IMPLEMENTATIONS = YES;
				CLANG_WARN_DIRECT_OBJC_ISA_USAGE = YES_ERROR;
				CLANG_WARN_DOCUMENTATION_COMMENTS = YES;
				CLANG_WARN_EMPTY_BODY = YES;
				CLANG_WARN_ENUM_CONVERSION = YES;
				CLANG_WARN_INFINITE_RECURSION = YES;
				CLANG_WARN_INT_CONVERSION = YES;
				CLANG_WARN_NON_LITERAL_NULL_CONVERSION = YES;
				CLANG_WARN_OBJC_IMPLICIT_RETAIN_SELF = YES;
				CLANG_WARN_OBJC_LITERAL_CONVERSION = YES;
				CLANG_WARN_OBJC_ROOT_CLASS = YES_ERROR;
				CLANG_WARN_QUOTED_INCLUDE_IN_FRAMEWORK_HEADER = YES;
				CLANG_WARN_RANGE_LOOP_ANALYSIS = YES;
				CLANG_WARN_STRICT_PROTOTYPES = YES;
				CLANG_WARN_SUSPICIOUS_MOVE = YES;
				CLANG_WARN_UNGUARDED_AVAILABILITY = YES_AGGRESSIVE;
				CLANG_WARN_UNREACHABLE_CODE = YES;
				CLANG_WARN__DUPLICATE_METHOD_MATCH = YES;
				COPY_PHASE_STRIP = NO;
				DEBUG_INFORMATION_FORMAT = "dwarf-with-dsym";
				ENABLE_NS_ASSERTIONS = NO;
				ENABLE_STRICT_OBJC_MSGSEND = YES;
				ENABLE_USER_SCRIPT_SANDBOXING = YES;
				GCC_C_LANGUAGE_STANDARD = gnu17;
				GCC_NO_COMMON_BLOCKS = YES;
				GCC_WARN_64_TO_32_BIT_CONVERSION = YES;
				GCC_WARN_ABOUT_RETURN_TYPE = YES_ERROR;
				GCC_WARN_UNDECLARED_SELECTOR = YES;
				GCC_WARN_UNINITIALIZED_AUTOS = YES_AGGRESSIVE;
				GCC_WARN_UNUSED_FUNCTION = YES;
				GCC_WARN_UNUSED_VARIABLE = YES;
				IPHONEOS_DEPLOYMENT_TARGET = 17.0;
				LOCALIZATION_PREFERS_STRING_CATALOGS = YES;
				MTL_ENABLE_DEBUG_INFO = NO;
				MTL_FAST_MATH = YES;
				SDKROOT = iphoneos;
				SWIFT_COMPILATION_MODE = wholemodule;
				VALIDATE_PRODUCT = YES;
			};
			name = Release;
		};
		E40A568B2B29E565007818BC /* Debug */ = {
			isa = XCBuildConfiguration;
			buildSettings = {
				ASSETCATALOG_COMPILER_APPICON_NAME = AppIcon;
				ASSETCATALOG_COMPILER_GLOBAL_ACCENT_COLOR_NAME = AccentColor;
				CODE_SIGN_IDENTITY = "Apple Development";
				CODE_SIGN_STYLE = Automatic;
				CURRENT_PROJECT_VERSION = 1;
				DEVELOPMENT_ASSET_PATHS = "\"TinderClone/Preview Content\"";
				DEVELOPMENT_TEAM = 8B5W55MG3S;
				ENABLE_PREVIEWS = YES;
				GENERATE_INFOPLIST_FILE = YES;
				INFOPLIST_FILE = TinderClone/Info.plist;
				INFOPLIST_KEY_LSApplicationCategoryType = "";
				INFOPLIST_KEY_UIApplicationSceneManifest_Generation = YES;
				INFOPLIST_KEY_UIApplicationSupportsIndirectInputEvents = YES;
				INFOPLIST_KEY_UILaunchScreen_Generation = YES;
				INFOPLIST_KEY_UISupportedInterfaceOrientations_iPad = "UIInterfaceOrientationPortrait UIInterfaceOrientationPortraitUpsideDown UIInterfaceOrientationLandscapeLeft UIInterfaceOrientationLandscapeRight";
				INFOPLIST_KEY_UISupportedInterfaceOrientations_iPhone = "UIInterfaceOrientationPortrait UIInterfaceOrientationLandscapeLeft UIInterfaceOrientationLandscapeRight";
				LD_RUNPATH_SEARCH_PATHS = (
					"$(inherited)",
					"@executable_path/Frameworks",
				);
				MARKETING_VERSION = 1.0;
				PRODUCT_BUNDLE_IDENTIFIER = com.vedatdokuzkardes.TinderClone;
				PRODUCT_NAME = "$(TARGET_NAME)";
				PROVISIONING_PROFILE_SPECIFIER = "";
				SWIFT_EMIT_LOC_STRINGS = YES;
				SWIFT_VERSION = 5.0;
				TARGETED_DEVICE_FAMILY = "1,2";
			};
			name = Debug;
		};
		E40A568C2B29E565007818BC /* Release */ = {
			isa = XCBuildConfiguration;
			buildSettings = {
				ASSETCATALOG_COMPILER_APPICON_NAME = AppIcon;
				ASSETCATALOG_COMPILER_GLOBAL_ACCENT_COLOR_NAME = AccentColor;
				CODE_SIGN_IDENTITY = "Apple Development";
				CODE_SIGN_STYLE = Automatic;
				CURRENT_PROJECT_VERSION = 1;
				DEVELOPMENT_ASSET_PATHS = "\"TinderClone/Preview Content\"";
				DEVELOPMENT_TEAM = 8B5W55MG3S;
				ENABLE_PREVIEWS = YES;
				GENERATE_INFOPLIST_FILE = YES;
				INFOPLIST_FILE = TinderClone/Info.plist;
				INFOPLIST_KEY_LSApplicationCategoryType = "";
				INFOPLIST_KEY_UIApplicationSceneManifest_Generation = YES;
				INFOPLIST_KEY_UIApplicationSupportsIndirectInputEvents = YES;
				INFOPLIST_KEY_UILaunchScreen_Generation = YES;
				INFOPLIST_KEY_UISupportedInterfaceOrientations_iPad = "UIInterfaceOrientationPortrait UIInterfaceOrientationPortraitUpsideDown UIInterfaceOrientationLandscapeLeft UIInterfaceOrientationLandscapeRight";
				INFOPLIST_KEY_UISupportedInterfaceOrientations_iPhone = "UIInterfaceOrientationPortrait UIInterfaceOrientationLandscapeLeft UIInterfaceOrientationLandscapeRight";
				LD_RUNPATH_SEARCH_PATHS = (
					"$(inherited)",
					"@executable_path/Frameworks",
				);
				MARKETING_VERSION = 1.0;
				PRODUCT_BUNDLE_IDENTIFIER = com.vedatdokuzkardes.TinderClone;
				PRODUCT_NAME = "$(TARGET_NAME)";
				PROVISIONING_PROFILE_SPECIFIER = "";
				SWIFT_EMIT_LOC_STRINGS = YES;
				SWIFT_VERSION = 5.0;
				TARGETED_DEVICE_FAMILY = "1,2";
			};
			name = Release;
		};
/* End XCBuildConfiguration section */

/* Begin XCConfigurationList section */
		E40A56772B29E564007818BC /* Build configuration list for PBXProject "TinderClone" */ = {
			isa = XCConfigurationList;
			buildConfigurations = (
				E40A56882B29E565007818BC /* Debug */,
				E40A56892B29E565007818BC /* Release */,
			);
			defaultConfigurationIsVisible = 0;
			defaultConfigurationName = Release;
		};
		E40A568A2B29E565007818BC /* Build configuration list for PBXNativeTarget "TinderClone" */ = {
			isa = XCConfigurationList;
			buildConfigurations = (
				E40A568B2B29E565007818BC /* Debug */,
				E40A568C2B29E565007818BC /* Release */,
			);
			defaultConfigurationIsVisible = 0;
			defaultConfigurationName = Release;
		};
/* End XCConfigurationList section */

/* Begin XCRemoteSwiftPackageReference section */
		E457EE962B40969D0092E804 /* XCRemoteSwiftPackageReference "Kingfisher" */ = {
			isa = XCRemoteSwiftPackageReference;
			repositoryURL = "https://github.com/onevcat/Kingfisher.git";
			requirement = {
				kind = upToNextMajorVersion;
				minimumVersion = 7.10.1;
			};
		};
		E4EFF80E2B2E36D9005F215B /* XCRemoteSwiftPackageReference "firebase-ios-sdk" */ = {
			isa = XCRemoteSwiftPackageReference;
			repositoryURL = "https://github.com/firebase/firebase-ios-sdk.git";
			requirement = {
				kind = upToNextMajorVersion;
				minimumVersion = 10.19.1;
			};
		};
/* End XCRemoteSwiftPackageReference section */

/* Begin XCSwiftPackageProductDependency section */
		E457EE972B40969D0092E804 /* Kingfisher */ = {
			isa = XCSwiftPackageProductDependency;
			package = E457EE962B40969D0092E804 /* XCRemoteSwiftPackageReference "Kingfisher" */;
			productName = Kingfisher;
		};
		E4EFF80F2B2E36D9005F215B /* FirebaseAuth */ = {
			isa = XCSwiftPackageProductDependency;
			package = E4EFF80E2B2E36D9005F215B /* XCRemoteSwiftPackageReference "firebase-ios-sdk" */;
			productName = FirebaseAuth;
		};
		E4EFF8112B2E36D9005F215B /* FirebaseFirestore */ = {
			isa = XCSwiftPackageProductDependency;
			package = E4EFF80E2B2E36D9005F215B /* XCRemoteSwiftPackageReference "firebase-ios-sdk" */;
			productName = FirebaseFirestore;
		};
		E4EFF8132B2E36D9005F215B /* FirebaseFirestoreSwift */ = {
			isa = XCSwiftPackageProductDependency;
			package = E4EFF80E2B2E36D9005F215B /* XCRemoteSwiftPackageReference "firebase-ios-sdk" */;
			productName = FirebaseFirestoreSwift;
		};
		E4EFF8152B2E36D9005F215B /* FirebaseStorage */ = {
			isa = XCSwiftPackageProductDependency;
			package = E4EFF80E2B2E36D9005F215B /* XCRemoteSwiftPackageReference "firebase-ios-sdk" */;
			productName = FirebaseStorage;
		};
/* End XCSwiftPackageProductDependency section */
	};
	rootObject = E40A56742B29E564007818BC /* Project object */;
}
